// !$*UTF8*$!
{
	archiveVersion = 1;
	classes = {
	};
	objectVersion = 46;
	objects = {

/* Begin PBXBuildFile section */
		950EF47B1BECA0DD005C3F23 /* main.m in Sources */ = {isa = PBXBuildFile; fileRef = 950EF47A1BECA0DD005C3F23 /* main.m */; };
		950EF47E1BECA0DD005C3F23 /* AppDelegate.m in Sources */ = {isa = PBXBuildFile; fileRef = 950EF47D1BECA0DD005C3F23 /* AppDelegate.m */; };
		950EF4811BECA0DD005C3F23 /* ViewController.m in Sources */ = {isa = PBXBuildFile; fileRef = 950EF4801BECA0DD005C3F23 /* ViewController.m */; };
		950EF4841BECA0DD005C3F23 /* Main.storyboard in Resources */ = {isa = PBXBuildFile; fileRef = 950EF4821BECA0DD005C3F23 /* Main.storyboard */; };
		950EF4861BECA0DD005C3F23 /* Assets.xcassets in Resources */ = {isa = PBXBuildFile; fileRef = 950EF4851BECA0DD005C3F23 /* Assets.xcassets */; };
		950EF4911BECA0DE005C3F23 /* HDOUTViewerTests.m in Sources */ = {isa = PBXBuildFile; fileRef = 950EF4901BECA0DE005C3F23 /* HDOUTViewerTests.m */; };
/* End PBXBuildFile section */

/* Begin PBXContainerItemProxy section */
		950EF48D1BECA0DE005C3F23 /* PBXContainerItemProxy */ = {
			isa = PBXContainerItemProxy;
			containerPortal = 950EF46E1BECA0DD005C3F23 /* Project object */;
			proxyType = 1;
			remoteGlobalIDString = 950EF4751BECA0DD005C3F23;
			remoteInfo = HDOUTViewer;
		};
/* End PBXContainerItemProxy section */

/* Begin PBXFileReference section */
		950EF4761BECA0DD005C3F23 /* HDOUTViewer.app */ = {isa = PBXFileReference; explicitFileType = wrapper.application; includeInIndex = 0; path = HDOUTViewer.app; sourceTree = BUILT_PRODUCTS_DIR; };
		950EF47A1BECA0DD005C3F23 /* main.m */ = {isa = PBXFileReference; lastKnownFileType = sourcecode.c.objc; path = main.m; sourceTree = "<group>"; };
		950EF47C1BECA0DD005C3F23 /* AppDelegate.h */ = {isa = PBXFileReference; lastKnownFileType = sourcecode.c.h; path = AppDelegate.h; sourceTree = "<group>"; };
		950EF47D1BECA0DD005C3F23 /* AppDelegate.m */ = {isa = PBXFileReference; lastKnownFileType = sourcecode.c.objc; path = AppDelegate.m; sourceTree = "<group>"; };
		950EF47F1BECA0DD005C3F23 /* ViewController.h */ = {isa = PBXFileReference; lastKnownFileType = sourcecode.c.h; path = ViewController.h; sourceTree = "<group>"; };
		950EF4801BECA0DD005C3F23 /* ViewController.m */ = {isa = PBXFileReference; lastKnownFileType = sourcecode.c.objc; path = ViewController.m; sourceTree = "<group>"; };
		950EF4831BECA0DD005C3F23 /* Base */ = {isa = PBXFileReference; lastKnownFileType = file.storyboard; name = Base; path = Base.lproj/Main.storyboard; sourceTree = "<group>"; };
		950EF4851BECA0DD005C3F23 /* Assets.xcassets */ = {isa = PBXFileReference; lastKnownFileType = folder.assetcatalog; path = Assets.xcassets; sourceTree = "<group>"; };
		950EF4871BECA0DD005C3F23 /* Info.plist */ = {isa = PBXFileReference; lastKnownFileType = text.plist.xml; path = Info.plist; sourceTree = "<group>"; };
		950EF48C1BECA0DE005C3F23 /* HDOUTViewerTests.xctest */ = {isa = PBXFileReference; explicitFileType = wrapper.cfbundle; includeInIndex = 0; path = HDOUTViewerTests.xctest; sourceTree = BUILT_PRODUCTS_DIR; };
		950EF4901BECA0DE005C3F23 /* HDOUTViewerTests.m */ = {isa = PBXFileReference; lastKnownFileType = sourcecode.c.objc; path = HDOUTViewerTests.m; sourceTree = "<group>"; };
		950EF4921BECA0DE005C3F23 /* Info.plist */ = {isa = PBXFileReference; lastKnownFileType = text.plist.xml; path = Info.plist; sourceTree = "<group>"; };
/* End PBXFileReference section */

/* Begin PBXFrameworksBuildPhase section */
		950EF4731BECA0DD005C3F23 /* Frameworks */ = {
			isa = PBXFrameworksBuildPhase;
			buildActionMask = 2147483647;
			files = (
			);
			runOnlyForDeploymentPostprocessing = 0;
		};
		950EF4891BECA0DE005C3F23 /* Frameworks */ = {
			isa = PBXFrameworksBuildPhase;
			buildActionMask = 2147483647;
			files = (
			);
			runOnlyForDeploymentPostprocessing = 0;
		};
/* End PBXFrameworksBuildPhase section */

/* Begin PBXGroup section */
		950EF46D1BECA0DD005C3F23 = {
			isa = PBXGroup;
			children = (
				950EF4781BECA0DD005C3F23 /* HDOUTViewer */,
				950EF48F1BECA0DE005C3F23 /* HDOUTViewerTests */,
				950EF4771BECA0DD005C3F23 /* Products */,
			);
			sourceTree = "<group>";
		};
		950EF4771BECA0DD005C3F23 /* Products */ = {
			isa = PBXGroup;
			children = (
				950EF4761BECA0DD005C3F23 /* HDOUTViewer.app */,
				950EF48C1BECA0DE005C3F23 /* HDOUTViewerTests.xctest */,
			);
			name = Products;
			sourceTree = "<group>";
		};
		950EF4781BECA0DD005C3F23 /* HDOUTViewer */ = {
			isa = PBXGroup;
			children = (
				950EF47C1BECA0DD005C3F23 /* AppDelegate.h */,
				950EF47D1BECA0DD005C3F23 /* AppDelegate.m */,
				950EF47F1BECA0DD005C3F23 /* ViewController.h */,
				950EF4801BECA0DD005C3F23 /* ViewController.m */,
				950EF4821BECA0DD005C3F23 /* Main.storyboard */,
				950EF4851BECA0DD005C3F23 /* Assets.xcassets */,
				950EF4871BECA0DD005C3F23 /* Info.plist */,
				950EF4791BECA0DD005C3F23 /* Supporting Files */,
			);
			path = HDOUTViewer;
			sourceTree = "<group>";
		};
		950EF4791BECA0DD005C3F23 /* Supporting Files */ = {
			isa = PBXGroup;
			children = (
				950EF47A1BECA0DD005C3F23 /* main.m */,
			);
			name = "Supporting Files";
			sourceTree = "<group>";
		};
		950EF48F1BECA0DE005C3F23 /* HDOUTViewerTests */ = {
			isa = PBXGroup;
			children = (
				950EF4901BECA0DE005C3F23 /* HDOUTViewerTests.m */,
				950EF4921BECA0DE005C3F23 /* Info.plist */,
			);
			path = HDOUTViewerTests;
			sourceTree = "<group>";
		};
/* End PBXGroup section */

/* Begin PBXNativeTarget section */
		950EF4751BECA0DD005C3F23 /* HDOUTViewer */ = {
			isa = PBXNativeTarget;
			buildConfigurationList = 950EF4951BECA0DE005C3F23 /* Build configuration list for PBXNativeTarget "HDOUTViewer" */;
			buildPhases = (
				950EF4721BECA0DD005C3F23 /* Sources */,
				950EF4731BECA0DD005C3F23 /* Frameworks */,
				950EF4741BECA0DD005C3F23 /* Resources */,
			);
			buildRules = (
			);
			dependencies = (
			);
			name = HDOUTViewer;
			productName = HDOUTViewer;
			productReference = 950EF4761BECA0DD005C3F23 /* HDOUTViewer.app */;
			productType = "com.apple.product-type.application";
		};
		950EF48B1BECA0DE005C3F23 /* HDOUTViewerTests */ = {
			isa = PBXNativeTarget;
			buildConfigurationList = 950EF4981BECA0DE005C3F23 /* Build configuration list for PBXNativeTarget "HDOUTViewerTests" */;
			buildPhases = (
				950EF4881BECA0DE005C3F23 /* Sources */,
				950EF4891BECA0DE005C3F23 /* Frameworks */,
				950EF48A1BECA0DE005C3F23 /* Resources */,
			);
			buildRules = (
			);
			dependencies = (
				950EF48E1BECA0DE005C3F23 /* PBXTargetDependency */,
			);
			name = HDOUTViewerTests;
			productName = HDOUTViewerTests;
			productReference = 950EF48C1BECA0DE005C3F23 /* HDOUTViewerTests.xctest */;
			productType = "com.apple.product-type.bundle.unit-test";
		};
/* End PBXNativeTarget section */

/* Begin PBXProject section */
		950EF46E1BECA0DD005C3F23 /* Project object */ = {
			isa = PBXProject;
			attributes = {
				CLASSPREFIX = AK;
				LastUpgradeCheck = 0710;
				ORGANIZATIONNAME = "Artem Kalachev";
				TargetAttributes = {
					950EF4751BECA0DD005C3F23 = {
						CreatedOnToolsVersion = 7.1;
					};
					950EF48B1BECA0DE005C3F23 = {
						CreatedOnToolsVersion = 7.1;
						TestTargetID = 950EF4751BECA0DD005C3F23;
					};
				};
			};
			buildConfigurationList = 950EF4711BECA0DD005C3F23 /* Build configuration list for PBXProject "HDOUTViewer" */;
			compatibilityVersion = "Xcode 3.2";
			developmentRegion = English;
			hasScannedForEncodings = 0;
			knownRegions = (
				en,
				Base,
			);
			mainGroup = 950EF46D1BECA0DD005C3F23;
			productRefGroup = 950EF4771BECA0DD005C3F23 /* Products */;
			projectDirPath = "";
			projectRoot = "";
			targets = (
				950EF4751BECA0DD005C3F23 /* HDOUTViewer */,
				950EF48B1BECA0DE005C3F23 /* HDOUTViewerTests */,
			);
		};
/* End PBXProject section */

/* Begin PBXResourcesBuildPhase section */
		950EF4741BECA0DD005C3F23 /* Resources */ = {
			isa = PBXResourcesBuildPhase;
			buildActionMask = 2147483647;
			files = (
				950EF4861BECA0DD005C3F23 /* Assets.xcassets in Resources */,
				950EF4841BECA0DD005C3F23 /* Main.storyboard in Resources */,
			);
			runOnlyForDeploymentPostprocessing = 0;
		};
		950EF48A1BECA0DE005C3F23 /* Resources */ = {
			isa = PBXResourcesBuildPhase;
			buildActionMask = 2147483647;
			files = (
			);
			runOnlyForDeploymentPostprocessing = 0;
		};
/* End PBXResourcesBuildPhase section */

/* Begin PBXSourcesBuildPhase section */
		950EF4721BECA0DD005C3F23 /* Sources */ = {
			isa = PBXSourcesBuildPhase;
			buildActionMask = 2147483647;
			files = (
				950EF4811BECA0DD005C3F23 /* ViewController.m in Sources */,
				950EF47E1BECA0DD005C3F23 /* AppDelegate.m in Sources */,
				950EF47B1BECA0DD005C3F23 /* main.m in Sources */,
			);
			runOnlyForDeploymentPostprocessing = 0;
		};
		950EF4881BECA0DE005C3F23 /* Sources */ = {
			isa = PBXSourcesBuildPhase;
			buildActionMask = 2147483647;
			files = (
				950EF4911BECA0DE005C3F23 /* HDOUTViewerTests.m in Sources */,
			);
			runOnlyForDeploymentPostprocessing = 0;
		};
/* End PBXSourcesBuildPhase section */

/* Begin PBXTargetDependency section */
		950EF48E1BECA0DE005C3F23 /* PBXTargetDependency */ = {
			isa = PBXTargetDependency;
			target = 950EF4751BECA0DD005C3F23 /* HDOUTViewer */;
			targetProxy = 950EF48D1BECA0DE005C3F23 /* PBXContainerItemProxy */;
		};
/* End PBXTargetDependency section */

/* Begin PBXVariantGroup section */
		950EF4821BECA0DD005C3F23 /* Main.storyboard */ = {
			isa = PBXVariantGroup;
			children = (
				950EF4831BECA0DD005C3F23 /* Base */,
			);
			name = Main.storyboard;
			sourceTree = "<group>";
		};
/* End PBXVariantGroup section */

/* Begin XCBuildConfiguration section */
		950EF4931BECA0DE005C3F23 /* Debug */ = {
			isa = XCBuildConfiguration;
			buildSettings = {
				ALWAYS_SEARCH_USER_PATHS = NO;
				CLANG_CXX_LANGUAGE_STANDARD = "gnu++0x";
				CLANG_CXX_LIBRARY = "libc++";
				CLANG_ENABLE_MODULES = YES;
				CLANG_ENABLE_OBJC_ARC = YES;
				CLANG_WARN_BOOL_CONVERSION = YES;
				CLANG_WARN_CONSTANT_CONVERSION = YES;
				CLANG_WARN_DIRECT_OBJC_ISA_USAGE = YES_ERROR;
				CLANG_WARN_EMPTY_BODY = YES;
				CLANG_WARN_ENUM_CONVERSION = YES;
				CLANG_WARN_INT_CONVERSION = YES;
				CLANG_WARN_OBJC_ROOT_CLASS = YES_ERROR;
				CLANG_WARN_UNREACHABLE_CODE = YES;
				CLANG_WARN__DUPLICATE_METHOD_MATCH = YES;
				COPY_PHASE_STRIP = NO;
				DEBUG_INFORMATION_FORMAT = dwarf;
				ENABLE_STRICT_OBJC_MSGSEND = YES;
				ENABLE_TESTABILITY = YES;
				GCC_C_LANGUAGE_STANDARD = gnu99;
				GCC_DYNAMIC_NO_PIC = NO;
				GCC_NO_COMMON_BLOCKS = YES;
				GCC_OPTIMIZATION_LEVEL = 0;
				GCC_PREPROCESSOR_DEFINITIONS = (
					"DEBUG=1",
					"$(inherited)",
				);
				GCC_WARN_64_TO_32_BIT_CONVERSION = YES;
				GCC_WARN_ABOUT_RETURN_TYPE = YES_ERROR;
				GCC_WARN_UNDECLARED_SELECTOR = YES;
				GCC_WARN_UNINITIALIZED_AUTOS = YES_AGGRESSIVE;
				GCC_WARN_UNUSED_FUNCTION = YES;
				GCC_WARN_UNUSED_VARIABLE = YES;
				MTL_ENABLE_DEBUG_INFO = YES;
				ONLY_ACTIVE_ARCH = YES;
				SDKROOT = appletvos;
				TARGETED_DEVICE_FAMILY = 3;
				TVOS_DEPLOYMENT_TARGET = 9.0;
			};
			name = Debug;
		};
		950EF4941BECA0DE005C3F23 /* Release */ = {
			isa = XCBuildConfiguration;
			buildSettings = {
				ALWAYS_SEARCH_USER_PATHS = NO;
				CLANG_CXX_LANGUAGE_STANDARD = "gnu++0x";
				CLANG_CXX_LIBRARY = "libc++";
				CLANG_ENABLE_MODULES = YES;
				CLANG_ENABLE_OBJC_ARC = YES;
				CLANG_WARN_BOOL_CONVERSION = YES;
				CLANG_WARN_CONSTANT_CONVERSION = YES;
				CLANG_WARN_DIRECT_OBJC_ISA_USAGE = YES_ERROR;
				CLANG_WARN_EMPTY_BODY = YES;
				CLANG_WARN_ENUM_CONVERSION = YES;
				CLANG_WARN_INT_CONVERSION = YES;
				CLANG_WARN_OBJC_ROOT_CLASS = YES_ERROR;
				CLANG_WARN_UNREACHABLE_CODE = YES;
				CLANG_WARN__DUPLICATE_METHOD_MATCH = YES;
				COPY_PHASE_STRIP = NO;
				DEBUG_INFORMATION_FORMAT = "dwarf-with-dsym";
				ENABLE_NS_ASSERTIONS = NO;
				ENABLE_STRICT_OBJC_MSGSEND = YES;
				GCC_C_LANGUAGE_STANDARD = gnu99;
				GCC_NO_COMMON_BLOCKS = YES;
				GCC_WARN_64_TO_32_BIT_CONVERSION = YES;
				GCC_WARN_ABOUT_RETURN_TYPE = YES_ERROR;
				GCC_WARN_UNDECLARED_SELECTOR = YES;
				GCC_WARN_UNINITIALIZED_AUTOS = YES_AGGRESSIVE;
				GCC_WARN_UNUSED_FUNCTION = YES;
				GCC_WARN_UNUSED_VARIABLE = YES;
				MTL_ENABLE_DEBUG_INFO = NO;
				SDKROOT = appletvos;
				TARGETED_DEVICE_FAMILY = 3;
				TVOS_DEPLOYMENT_TARGET = 9.0;
				VALIDATE_PRODUCT = YES;
			};
			name = Release;
		};
		950EF4961BECA0DE005C3F23 /* Debug */ = {
			isa = XCBuildConfiguration;
			buildSettings = {
				ASSETCATALOG_COMPILER_APPICON_NAME = "App Icon & Top Shelf Image";
				ASSETCATALOG_COMPILER_LAUNCHIMAGE_NAME = LaunchImage;
				INFOPLIST_FILE = HDOUTViewer/Info.plist;
				LD_RUNPATH_SEARCH_PATHS = "$(inherited) @executable_path/Frameworks";
				PRODUCT_BUNDLE_IDENTIFIER = com.me.hdout.HDOUTViewer;
				PRODUCT_NAME = "$(TARGET_NAME)";
			};
			name = Debug;
		};
		950EF4971BECA0DE005C3F23 /* Release */ = {
			isa = XCBuildConfiguration;
			buildSettings = {
				ASSETCATALOG_COMPILER_APPICON_NAME = "App Icon & Top Shelf Image";
				ASSETCATALOG_COMPILER_LAUNCHIMAGE_NAME = LaunchImage;
				INFOPLIST_FILE = HDOUTViewer/Info.plist;
				LD_RUNPATH_SEARCH_PATHS = "$(inherited) @executable_path/Frameworks";
				PRODUCT_BUNDLE_IDENTIFIER = com.me.hdout.HDOUTViewer;
				PRODUCT_NAME = "$(TARGET_NAME)";
			};
			name = Release;
		};
		950EF4991BECA0DE005C3F23 /* Debug */ = {
			isa = XCBuildConfiguration;
			buildSettings = {
				BUNDLE_LOADER = "$(TEST_HOST)";
				INFOPLIST_FILE = HDOUTViewerTests/Info.plist;
				LD_RUNPATH_SEARCH_PATHS = "$(inherited) @executable_path/Frameworks @loader_path/Frameworks";
				PRODUCT_BUNDLE_IDENTIFIER = com.me.hdout.HDOUTViewerTests;
				PRODUCT_NAME = "$(TARGET_NAME)";
				TEST_HOST = "$(BUILT_PRODUCTS_DIR)/HDOUTViewer.app/HDOUTViewer";
			};
			name = Debug;
		};
		950EF49A1BECA0DE005C3F23 /* Release */ = {
			isa = XCBuildConfiguration;
			buildSettings = {
				BUNDLE_LOADER = "$(TEST_HOST)";
				INFOPLIST_FILE = HDOUTViewerTests/Info.plist;
				LD_RUNPATH_SEARCH_PATHS = "$(inherited) @executable_path/Frameworks @loader_path/Frameworks";
				PRODUCT_BUNDLE_IDENTIFIER = com.me.hdout.HDOUTViewerTests;
				PRODUCT_NAME = "$(TARGET_NAME)";
				TEST_HOST = "$(BUILT_PRODUCTS_DIR)/HDOUTViewer.app/HDOUTViewer";
			};
			name = Release;
		};
/* End XCBuildConfiguration section */

/* Begin XCConfigurationList section */
		950EF4711BECA0DD005C3F23 /* Build configuration list for PBXProject "HDOUTViewer" */ = {
			isa = XCConfigurationList;
			buildConfigurations = (
				950EF4931BECA0DE005C3F23 /* Debug */,
				950EF4941BECA0DE005C3F23 /* Release */,
			);
			defaultConfigurationIsVisible = 0;
			defaultConfigurationName = Release;
		};
		950EF4951BECA0DE005C3F23 /* Build configuration list for PBXNativeTarget "HDOUTViewer" */ = {
			isa = XCConfigurationList;
			buildConfigurations = (
				950EF4961BECA0DE005C3F23 /* Debug */,
				950EF4971BECA0DE005C3F23 /* Release */,
			);
			defaultConfigurationIsVisible = 0;
		};
		950EF4981BECA0DE005C3F23 /* Build configuration list for PBXNativeTarget "HDOUTViewerTests" */ = {
			isa = XCConfigurationList;
			buildConfigurations = (
				950EF4991BECA0DE005C3F23 /* Debug */,
				950EF49A1BECA0DE005C3F23 /* Release */,
			);
			defaultConfigurationIsVisible = 0;
		};
/* End XCConfigurationList section */
	};
	rootObject = 950EF46E1BECA0DD005C3F23 /* Project object */;
}
